
Microsoft Visual Studio Solution File, Format Version 12.00
# Visual Studio Version 17
VisualStudioVersion = 17.0.31919.166
MinimumVisualStudioVersion = 10.0.40219.1
Project("{FAE04EC0-301F-11D3-BF4B-00C04F79EFBC}") = "UC12_Jogo_da_Forca", "UC12_Jogo_da_Forca\UC12_Jogo_da_Forca.csproj", "{21BC7907-2F77-4AA0-95BC-354773066F39}"
EndProject
Global
	GlobalSection(SolutionConfigurationPlatforms) = preSolution
		Debug|Any CPU = Debug|Any CPU
		Release|Any CPU = Release|Any CPU
	EndGlobalSection
	GlobalSection(ProjectConfigurationPlatforms) = postSolution
		{21BC7907-2F77-4AA0-95BC-354773066F39}.Debug|Any CPU.ActiveCfg = Debug|Any CPU
		{21BC7907-2F77-4AA0-95BC-354773066F39}.Debug|Any CPU.Build.0 = Debug|Any CPU
		{21BC7907-2F77-4AA0-95BC-354773066F39}.Release|Any CPU.ActiveCfg = Release|Any CPU
		{21BC7907-2F77-4AA0-95BC-354773066F39}.Release|Any CPU.Build.0 = Release|Any CPU
	EndGlobalSection
	GlobalSection(SolutionProperties) = preSolution
		HideSolutionNode = FALSE
	EndGlobalSection
	GlobalSection(ExtensibilityGlobals) = postSolution
		SolutionGuid = {CCFED05D-15F6-4FB6-AB8D-59C03A0E32C2}
	EndGlobalSection
EndGlobal
